
Microsoft Visual Studio Solution File, Format Version 12.00
Project("{FAE04EC0-301F-11D3-BF4B-00C04F79EFBC}") = "PalindromeLinkedList", "PalindromeLinkedList\PalindromeLinkedList.csproj", "{1290EB4F-B3FF-4103-91A6-E758810D61C9}"
EndProject
Project("{FAE04EC0-301F-11D3-BF4B-00C04F79EFBC}") = "PowerOfThree", "PowerOfThree\PowerOfThree.csproj", "{79DFA2C8-051F-46C4-9329-834F89651E39}"
EndProject
Project("{FAE04EC0-301F-11D3-BF4B-00C04F79EFBC}") = "FibonacciNumber", "FibonacciNumber\FibonacciNumber.csproj", "{7F19E236-2B68-45D4-8358-3E1D4B87AC3B}"
EndProject
Project("{FAE04EC0-301F-11D3-BF4B-00C04F79EFBC}") = "RemoveLinkedListElements", "RemoveLinkedListElements\RemoveLinkedListElements.csproj", "{085ED2D4-7A69-463F-97D6-A21C662B452B}"
EndProject
Project("{FAE04EC0-301F-11D3-BF4B-00C04F79EFBC}") = "ReverseLinkedList", "ReverseLinkedList\ReverseLinkedList.csproj", "{0CD4131A-C5B4-4462-8145-931F1E221662}"
EndProject
Project("{FAE04EC0-301F-11D3-BF4B-00C04F79EFBC}") = "PowerOfNumber", "PowerOfNumber\PowerOfNumber.csproj", "{651648ED-B2B3-473D-AD3D-A105DD0721E9}"
EndProject
Project("{FAE04EC0-301F-11D3-BF4B-00C04F79EFBC}") = "ReorderList", "ReorderList\ReorderList.csproj", "{32CF3EF7-DC55-42EA-91DC-38A6218EFCF3}"
EndProject
Project("{FAE04EC0-301F-11D3-BF4B-00C04F79EFBC}") = "DecodeString", "DecodeString\DecodeString.csproj", "{17202E28-E45E-495F-AE77-8E2791B8056C}"
EndProject
Project("{FAE04EC0-301F-11D3-BF4B-00C04F79EFBC}") = "NumberOfDigitOne", "NumberOfDigitOne\NumberOfDigitOne.csproj", "{C871EE84-D37F-49C9-A047-80320626B2B5}"
EndProject
Project("{FAE04EC0-301F-11D3-BF4B-00C04F79EFBC}") = "AllPossibleFullBinaryTrees", "AllPossibleFullBinaryTrees\AllPossibleFullBinaryTrees.csproj", "{51556146-959A-41E3-92F6-B0BAC34CE118}"
EndProject
Project("{FAE04EC0-301F-11D3-BF4B-00C04F79EFBC}") = "EliminationGame", "EliminationGame\EliminationGame.csproj", "{7EFB734A-2900-4435-8A5C-2166C6D2EE27}"
EndProject
Global
	GlobalSection(SolutionConfigurationPlatforms) = preSolution
		Debug|Any CPU = Debug|Any CPU
		Release|Any CPU = Release|Any CPU
	EndGlobalSection
	GlobalSection(ProjectConfigurationPlatforms) = postSolution
		{1290EB4F-B3FF-4103-91A6-E758810D61C9}.Debug|Any CPU.ActiveCfg = Debug|Any CPU
		{1290EB4F-B3FF-4103-91A6-E758810D61C9}.Debug|Any CPU.Build.0 = Debug|Any CPU
		{1290EB4F-B3FF-4103-91A6-E758810D61C9}.Release|Any CPU.ActiveCfg = Release|Any CPU
		{1290EB4F-B3FF-4103-91A6-E758810D61C9}.Release|Any CPU.Build.0 = Release|Any CPU
		{79DFA2C8-051F-46C4-9329-834F89651E39}.Debug|Any CPU.ActiveCfg = Debug|Any CPU
		{79DFA2C8-051F-46C4-9329-834F89651E39}.Debug|Any CPU.Build.0 = Debug|Any CPU
		{79DFA2C8-051F-46C4-9329-834F89651E39}.Release|Any CPU.ActiveCfg = Release|Any CPU
		{79DFA2C8-051F-46C4-9329-834F89651E39}.Release|Any CPU.Build.0 = Release|Any CPU
		{7F19E236-2B68-45D4-8358-3E1D4B87AC3B}.Debug|Any CPU.ActiveCfg = Debug|Any CPU
		{7F19E236-2B68-45D4-8358-3E1D4B87AC3B}.Debug|Any CPU.Build.0 = Debug|Any CPU
		{7F19E236-2B68-45D4-8358-3E1D4B87AC3B}.Release|Any CPU.ActiveCfg = Release|Any CPU
		{7F19E236-2B68-45D4-8358-3E1D4B87AC3B}.Release|Any CPU.Build.0 = Release|Any CPU
		{085ED2D4-7A69-463F-97D6-A21C662B452B}.Debug|Any CPU.ActiveCfg = Debug|Any CPU
		{085ED2D4-7A69-463F-97D6-A21C662B452B}.Debug|Any CPU.Build.0 = Debug|Any CPU
		{085ED2D4-7A69-463F-97D6-A21C662B452B}.Release|Any CPU.ActiveCfg = Release|Any CPU
		{085ED2D4-7A69-463F-97D6-A21C662B452B}.Release|Any CPU.Build.0 = Release|Any CPU
		{0CD4131A-C5B4-4462-8145-931F1E221662}.Debug|Any CPU.ActiveCfg = Debug|Any CPU
		{0CD4131A-C5B4-4462-8145-931F1E221662}.Debug|Any CPU.Build.0 = Debug|Any CPU
		{0CD4131A-C5B4-4462-8145-931F1E221662}.Release|Any CPU.ActiveCfg = Release|Any CPU
		{0CD4131A-C5B4-4462-8145-931F1E221662}.Release|Any CPU.Build.0 = Release|Any CPU
		{651648ED-B2B3-473D-AD3D-A105DD0721E9}.Debug|Any CPU.ActiveCfg = Debug|Any CPU
		{651648ED-B2B3-473D-AD3D-A105DD0721E9}.Debug|Any CPU.Build.0 = Debug|Any CPU
		{651648ED-B2B3-473D-AD3D-A105DD0721E9}.Release|Any CPU.ActiveCfg = Release|Any CPU
		{651648ED-B2B3-473D-AD3D-A105DD0721E9}.Release|Any CPU.Build.0 = Release|Any CPU
		{32CF3EF7-DC55-42EA-91DC-38A6218EFCF3}.Debug|Any CPU.ActiveCfg = Debug|Any CPU
		{32CF3EF7-DC55-42EA-91DC-38A6218EFCF3}.Debug|Any CPU.Build.0 = Debug|Any CPU
		{32CF3EF7-DC55-42EA-91DC-38A6218EFCF3}.Release|Any CPU.ActiveCfg = Release|Any CPU
		{32CF3EF7-DC55-42EA-91DC-38A6218EFCF3}.Release|Any CPU.Build.0 = Release|Any CPU
		{17202E28-E45E-495F-AE77-8E2791B8056C}.Debug|Any CPU.ActiveCfg = Debug|Any CPU
		{17202E28-E45E-495F-AE77-8E2791B8056C}.Debug|Any CPU.Build.0 = Debug|Any CPU
		{17202E28-E45E-495F-AE77-8E2791B8056C}.Release|Any CPU.ActiveCfg = Release|Any CPU
		{17202E28-E45E-495F-AE77-8E2791B8056C}.Release|Any CPU.Build.0 = Release|Any CPU
		{C871EE84-D37F-49C9-A047-80320626B2B5}.Debug|Any CPU.ActiveCfg = Debug|Any CPU
		{C871EE84-D37F-49C9-A047-80320626B2B5}.Debug|Any CPU.Build.0 = Debug|Any CPU
		{C871EE84-D37F-49C9-A047-80320626B2B5}.Release|Any CPU.ActiveCfg = Release|Any CPU
		{C871EE84-D37F-49C9-A047-80320626B2B5}.Release|Any CPU.Build.0 = Release|Any CPU
		{51556146-959A-41E3-92F6-B0BAC34CE118}.Debug|Any CPU.ActiveCfg = Debug|Any CPU
		{51556146-959A-41E3-92F6-B0BAC34CE118}.Debug|Any CPU.Build.0 = Debug|Any CPU
		{51556146-959A-41E3-92F6-B0BAC34CE118}.Release|Any CPU.ActiveCfg = Release|Any CPU
		{51556146-959A-41E3-92F6-B0BAC34CE118}.Release|Any CPU.Build.0 = Release|Any CPU
		{7EFB734A-2900-4435-8A5C-2166C6D2EE27}.Debug|Any CPU.ActiveCfg = Debug|Any CPU
		{7EFB734A-2900-4435-8A5C-2166C6D2EE27}.Debug|Any CPU.Build.0 = Debug|Any CPU
		{7EFB734A-2900-4435-8A5C-2166C6D2EE27}.Release|Any CPU.ActiveCfg = Release|Any CPU
		{7EFB734A-2900-4435-8A5C-2166C6D2EE27}.Release|Any CPU.Build.0 = Release|Any CPU
	EndGlobalSection
EndGlobal
